{
  "nodes": {
    "nixpkgs": {
      "locked": {
        "lastModified": 1779536132,
        "narHash": "sha256-Zc5W2GRfLZtIDsEn0A5kzoN0+yNWq/3MzzoXGu0ytMU=",
        "rev": "3d8f0f3f72a6cd4d93d0ad13203f2ea1cb7e1456",
        "type": "tarball",
        "url": "https://releases.nixos.org/nixpkgs/nixpkgs-26.05pre1003764.3d8f0f3f72a6/nixexprs.tar.xz"
      },
      "original": {
        "type": "tarball",
        "url": "https://channels.nixos.org/nixpkgs-unstable/nixexprs.tar.xz"
      }
    },
    "root": {
      "inputs": {
        "nixpkgs": "nixpkgs"
      }
    }
  },
  "root": "root",
  "version": 7
}
