{
  "nodes": {
    "nixpkgs": {
      "locked": {
        "lastModified": 1782636521,
        "narHash": "sha256-Yf2TcFLw0r574fP/5eUN6N8el70HbYNdbDeeHpnK2eQ=",
        "rev": "e1c1b84752fb0897897380a3cae9dc7fcab91ca3",
        "type": "tarball",
        "url": "https://releases.nixos.org/nixpkgs/nixpkgs-26.11pre1023798.e1c1b84752fb/nixexprs.tar.xz"
      },
      "original": {
        "type": "tarball",
        "url": "https://channels.nixos.org/nixpkgs-unstable/nixexprs.tar.xz"
      }
    },
    "root": {
      "inputs": {
        "nixpkgs": "nixpkgs"
      }
    }
  },
  "root": "root",
  "version": 7
}
